
Microsoft Visual Studio Solution File, Format Version 12.00
# Visual Studio Version 17
VisualStudioVersion = 17.9.34728.123
MinimumVisualStudioVersion = 10.0.40219.1
Project("{FAE04EC0-301F-11D3-BF4B-00C04F79EFBC}") = "tareasApi", "tareasApi\tareasApi.csproj", "{503A6ECE-958A-4EB1-BFC3-7E74FAB59D42}"
EndProject
Global
	GlobalSection(SolutionConfigurationPlatforms) = preSolution
		Debug|Any CPU = Debug|Any CPU
		Release|Any CPU = Release|Any CPU
	EndGlobalSection
	GlobalSection(ProjectConfigurationPlatforms) = postSolution
		{503A6ECE-958A-4EB1-BFC3-7E74FAB59D42}.Debug|Any CPU.ActiveCfg = Debug|Any CPU
		{503A6ECE-958A-4EB1-BFC3-7E74FAB59D42}.Debug|Any CPU.Build.0 = Debug|Any CPU
		{503A6ECE-958A-4EB1-BFC3-7E74FAB59D42}.Release|Any CPU.ActiveCfg = Release|Any CPU
		{503A6ECE-958A-4EB1-BFC3-7E74FAB59D42}.Release|Any CPU.Build.0 = Release|Any CPU
	EndGlobalSection
	GlobalSection(SolutionProperties) = preSolution
		HideSolutionNode = FALSE
	EndGlobalSection
	GlobalSection(ExtensibilityGlobals) = postSolution
		SolutionGuid = {088CB21A-A00D-479B-8A37-CAFE5AD332F1}
	EndGlobalSection
EndGlobal
